
Microsoft Visual Studio Solution File, Format Version 12.00
# Visual Studio Version 17
VisualStudioVersion = 17.0.31903.59
MinimumVisualStudioVersion = 10.0.40219.1
Project("{FAE04EC0-301F-11D3-BF4B-00C04F79EFBC}") = "API", "API\API.csproj", "{995B122E-0322-473C-B52F-FC274403AD61}"
EndProject
Project("{FAE04EC0-301F-11D3-BF4B-00C04F79EFBC}") = "Application", "Application\Application.csproj", "{D37572CC-576C-417A-8651-F5D7D101DA54}"
EndProject
Project("{FAE04EC0-301F-11D3-BF4B-00C04F79EFBC}") = "Domain", "Domain\Domain.csproj", "{FE8A631B-C360-4D62-A1CA-E6D7F0814536}"
EndProject
Project("{FAE04EC0-301F-11D3-BF4B-00C04F79EFBC}") = "Persistence", "Persistence\Persistence.csproj", "{8F9D028D-7A0A-4E0F-A93B-35B43C266F88}"
EndProject
Global
	GlobalSection(SolutionConfigurationPlatforms) = preSolution
		Debug|Any CPU = Debug|Any CPU
		Release|Any CPU = Release|Any CPU
	EndGlobalSection
	GlobalSection(SolutionProperties) = preSolution
		HideSolutionNode = FALSE
	EndGlobalSection
	GlobalSection(ProjectConfigurationPlatforms) = postSolution
		{995B122E-0322-473C-B52F-FC274403AD61}.Debug|Any CPU.ActiveCfg = Debug|Any CPU
		{995B122E-0322-473C-B52F-FC274403AD61}.Debug|Any CPU.Build.0 = Debug|Any CPU
		{995B122E-0322-473C-B52F-FC274403AD61}.Release|Any CPU.ActiveCfg = Release|Any CPU
		{995B122E-0322-473C-B52F-FC274403AD61}.Release|Any CPU.Build.0 = Release|Any CPU
		{D37572CC-576C-417A-8651-F5D7D101DA54}.Debug|Any CPU.ActiveCfg = Debug|Any CPU
		{D37572CC-576C-417A-8651-F5D7D101DA54}.Debug|Any CPU.Build.0 = Debug|Any CPU
		{D37572CC-576C-417A-8651-F5D7D101DA54}.Release|Any CPU.ActiveCfg = Release|Any CPU
		{D37572CC-576C-417A-8651-F5D7D101DA54}.Release|Any CPU.Build.0 = Release|Any CPU
		{FE8A631B-C360-4D62-A1CA-E6D7F0814536}.Debug|Any CPU.ActiveCfg = Debug|Any CPU
		{FE8A631B-C360-4D62-A1CA-E6D7F0814536}.Debug|Any CPU.Build.0 = Debug|Any CPU
		{FE8A631B-C360-4D62-A1CA-E6D7F0814536}.Release|Any CPU.ActiveCfg = Release|Any CPU
		{FE8A631B-C360-4D62-A1CA-E6D7F0814536}.Release|Any CPU.Build.0 = Release|Any CPU
		{8F9D028D-7A0A-4E0F-A93B-35B43C266F88}.Debug|Any CPU.ActiveCfg = Debug|Any CPU
		{8F9D028D-7A0A-4E0F-A93B-35B43C266F88}.Debug|Any CPU.Build.0 = Debug|Any CPU
		{8F9D028D-7A0A-4E0F-A93B-35B43C266F88}.Release|Any CPU.ActiveCfg = Release|Any CPU
		{8F9D028D-7A0A-4E0F-A93B-35B43C266F88}.Release|Any CPU.Build.0 = Release|Any CPU
	EndGlobalSection
EndGlobal
